
Microsoft Visual Studio Solution File, Format Version 12.00
# Visual Studio Version 17
VisualStudioVersion = 17.11.35327.3
MinimumVisualStudioVersion = 10.0.40219.1
Project("{9A19103F-16F7-4668-BE54-9A1E7A4F7556}") = "HiQ.Technical.Test.Console", "Backend only\src\HiQ.Technical.Test.Console\HiQ.Technical.Test.Console.csproj", "{E6F04FEE-7723-49D6-A972-ED4152371E00}"
EndProject
Project("{FAE04EC0-301F-11D3-BF4B-00C04F79EFBC}") = "HiQ.Technical.Test.UnitTest", "Backend only\test\HiQ.Technical.Test.UnitTest\HiQ.Technical.Test.UnitTest.csproj", "{00D007D1-6AB7-4847-9981-EA0336B2DF1B}"
EndProject
Global
	GlobalSection(SolutionConfigurationPlatforms) = preSolution
		Debug|Any CPU = Debug|Any CPU
		Release|Any CPU = Release|Any CPU
	EndGlobalSection
	GlobalSection(ProjectConfigurationPlatforms) = postSolution
		{E6F04FEE-7723-49D6-A972-ED4152371E00}.Debug|Any CPU.ActiveCfg = Debug|Any CPU
		{E6F04FEE-7723-49D6-A972-ED4152371E00}.Debug|Any CPU.Build.0 = Debug|Any CPU
		{E6F04FEE-7723-49D6-A972-ED4152371E00}.Release|Any CPU.ActiveCfg = Release|Any CPU
		{E6F04FEE-7723-49D6-A972-ED4152371E00}.Release|Any CPU.Build.0 = Release|Any CPU
		{00D007D1-6AB7-4847-9981-EA0336B2DF1B}.Debug|Any CPU.ActiveCfg = Debug|Any CPU
		{00D007D1-6AB7-4847-9981-EA0336B2DF1B}.Debug|Any CPU.Build.0 = Debug|Any CPU
		{00D007D1-6AB7-4847-9981-EA0336B2DF1B}.Release|Any CPU.ActiveCfg = Release|Any CPU
		{00D007D1-6AB7-4847-9981-EA0336B2DF1B}.Release|Any CPU.Build.0 = Release|Any CPU
	EndGlobalSection
	GlobalSection(SolutionProperties) = preSolution
		HideSolutionNode = FALSE
	EndGlobalSection
	GlobalSection(ExtensibilityGlobals) = postSolution
		SolutionGuid = {5FB56C0E-B79F-47A4-8259-6F764A6A88F6}
	EndGlobalSection
EndGlobal
